
Microsoft Visual Studio Solution File, Format Version 12.00
# Visual Studio 2013
VisualStudioVersion = 12.0.21005.1
MinimumVisualStudioVersion = 10.0.40219.1
Project("{FAE04EC0-301F-11D3-BF4B-00C04F79EFBC}") = "Pcg Storage", "PCG Storage\Pcg Storage.csproj", "{D1CC482A-9E45-4CB4-84B3-A9124DDD7993}"
EndProject
Project("{FAE04EC0-301F-11D3-BF4B-00C04F79EFBC}") = "DataAccess", "DataAccess\DataAccess.csproj", "{1A0F8FB6-B769-4500-8674-988679FDECEC}"
EndProject
Project("{FAE04EC0-301F-11D3-BF4B-00C04F79EFBC}") = "PcgManager", "PcgManager\PcgManager.csproj", "{399E3EEF-C623-4B2F-8717-44644865FFC9}"
EndProject
Global
	GlobalSection(SolutionConfigurationPlatforms) = preSolution
		Debug|Any CPU = Debug|Any CPU
		Release|Any CPU = Release|Any CPU
	EndGlobalSection
	GlobalSection(ProjectConfigurationPlatforms) = postSolution
		{D1CC482A-9E45-4CB4-84B3-A9124DDD7993}.Debug|Any CPU.ActiveCfg = Debug|Any CPU
		{D1CC482A-9E45-4CB4-84B3-A9124DDD7993}.Debug|Any CPU.Build.0 = Debug|Any CPU
		{D1CC482A-9E45-4CB4-84B3-A9124DDD7993}.Release|Any CPU.ActiveCfg = Release|Any CPU
		{D1CC482A-9E45-4CB4-84B3-A9124DDD7993}.Release|Any CPU.Build.0 = Release|Any CPU
		{1A0F8FB6-B769-4500-8674-988679FDECEC}.Debug|Any CPU.ActiveCfg = Debug|Any CPU
		{1A0F8FB6-B769-4500-8674-988679FDECEC}.Debug|Any CPU.Build.0 = Debug|Any CPU
		{1A0F8FB6-B769-4500-8674-988679FDECEC}.Release|Any CPU.ActiveCfg = Release|Any CPU
		{1A0F8FB6-B769-4500-8674-988679FDECEC}.Release|Any CPU.Build.0 = Release|Any CPU
		{399E3EEF-C623-4B2F-8717-44644865FFC9}.Debug|Any CPU.ActiveCfg = Debug|Any CPU
		{399E3EEF-C623-4B2F-8717-44644865FFC9}.Debug|Any CPU.Build.0 = Debug|Any CPU
		{399E3EEF-C623-4B2F-8717-44644865FFC9}.Release|Any CPU.ActiveCfg = Release|Any CPU
		{399E3EEF-C623-4B2F-8717-44644865FFC9}.Release|Any CPU.Build.0 = Release|Any CPU
	EndGlobalSection
	GlobalSection(SolutionProperties) = preSolution
		HideSolutionNode = FALSE
	EndGlobalSection
EndGlobal
